
Microsoft Visual Studio Solution File, Format Version 12.00
# Visual Studio Version 17
VisualStudioVersion = 17.9.34622.214
MinimumVisualStudioVersion = 10.0.40219.1
Project("{FAE04EC0-301F-11D3-BF4B-00C04F79EFBC}") = "EgitimTakip.Web", "EgitimTakip.Web\EgitimTakip.Web.csproj", "{966130DA-024C-4552-B882-24B729C8FFEB}"
EndProject
Project("{FAE04EC0-301F-11D3-BF4B-00C04F79EFBC}") = "EgitimTakip.Models", "EgitimTakip.Models\EgitimTakip.Models.csproj", "{8BAA9F7D-A80E-4C93-BBCB-C24BE47C46D9}"
EndProject
Global
	GlobalSection(SolutionConfigurationPlatforms) = preSolution
		Debug|Any CPU = Debug|Any CPU
		Release|Any CPU = Release|Any CPU
	EndGlobalSection
	GlobalSection(ProjectConfigurationPlatforms) = postSolution
		{966130DA-024C-4552-B882-24B729C8FFEB}.Debug|Any CPU.ActiveCfg = Debug|Any CPU
		{966130DA-024C-4552-B882-24B729C8FFEB}.Debug|Any CPU.Build.0 = Debug|Any CPU
		{966130DA-024C-4552-B882-24B729C8FFEB}.Release|Any CPU.ActiveCfg = Release|Any CPU
		{966130DA-024C-4552-B882-24B729C8FFEB}.Release|Any CPU.Build.0 = Release|Any CPU
		{8BAA9F7D-A80E-4C93-BBCB-C24BE47C46D9}.Debug|Any CPU.ActiveCfg = Debug|Any CPU
		{8BAA9F7D-A80E-4C93-BBCB-C24BE47C46D9}.Debug|Any CPU.Build.0 = Debug|Any CPU
		{8BAA9F7D-A80E-4C93-BBCB-C24BE47C46D9}.Release|Any CPU.ActiveCfg = Release|Any CPU
		{8BAA9F7D-A80E-4C93-BBCB-C24BE47C46D9}.Release|Any CPU.Build.0 = Release|Any CPU
	EndGlobalSection
	GlobalSection(SolutionProperties) = preSolution
		HideSolutionNode = FALSE
	EndGlobalSection
	GlobalSection(ExtensibilityGlobals) = postSolution
		SolutionGuid = {5F7A84C3-017A-466D-BF8A-7F2BC897DDA8}
	EndGlobalSection
EndGlobal
